
Microsoft Visual Studio Solution File, Format Version 12.00
# Visual Studio Version 16
VisualStudioVersion = 16.0.29102.190
MinimumVisualStudioVersion = 10.0.40219.1
Project("{FAE04EC0-301F-11D3-BF4B-00C04F79EFBC}") = "BotNoLuis", "BotNoLuis\BotNoLuis.csproj", "{CA3BB647-F59F-41B5-A98A-969A56AE4ADA}"
EndProject
Global
	GlobalSection(SolutionConfigurationPlatforms) = preSolution
		Debug|Any CPU = Debug|Any CPU
		Release|Any CPU = Release|Any CPU
	EndGlobalSection
	GlobalSection(ProjectConfigurationPlatforms) = postSolution
		{CA3BB647-F59F-41B5-A98A-969A56AE4ADA}.Debug|Any CPU.ActiveCfg = Debug|Any CPU
		{CA3BB647-F59F-41B5-A98A-969A56AE4ADA}.Debug|Any CPU.Build.0 = Debug|Any CPU
		{CA3BB647-F59F-41B5-A98A-969A56AE4ADA}.Release|Any CPU.ActiveCfg = Release|Any CPU
		{CA3BB647-F59F-41B5-A98A-969A56AE4ADA}.Release|Any CPU.Build.0 = Release|Any CPU
	EndGlobalSection
	GlobalSection(SolutionProperties) = preSolution
		HideSolutionNode = FALSE
	EndGlobalSection
	GlobalSection(ExtensibilityGlobals) = postSolution
		SolutionGuid = {663496D8-D8CB-4E91-AE7F-1041FCB367C6}
	EndGlobalSection
EndGlobal
