
Microsoft Visual Studio Solution File, Format Version 12.00
# Visual Studio Version 16
VisualStudioVersion = 16.0.29519.181
MinimumVisualStudioVersion = 10.0.40219.1
Project("{9A19103F-16F7-4668-BE54-9A1E7A4F7556}") = "Introduction", "LINQExamples\Introduction.csproj", "{A53E7D48-3F5A-4C9E-851C-41D796C27753}"
EndProject
Project("{9A19103F-16F7-4668-BE54-9A1E7A4F7556}") = "Linq.Ch2.Features", "Linq.Ch2.Features\Linq.Ch2.Features.csproj", "{1F464354-253C-4102-A89C-2D3C490D5766}"
EndProject
Project("{9A19103F-16F7-4668-BE54-9A1E7A4F7556}") = "Linq.Ch3.Queries", "Linq.Ch3.Queries\Linq.Ch3.Queries.csproj", "{4F2679B3-7F97-4A50-9F1F-44FBD1E3F3BD}"
EndProject
Project("{9A19103F-16F7-4668-BE54-9A1E7A4F7556}") = "Linq.Ch4.Cars", "Linq.Ch5.Cars\Linq.Ch4.Cars.csproj", "{01BF4ADD-AD8B-4EF5-AD1D-3496660CD767}"
EndProject
Project("{FAE04EC0-301F-11D3-BF4B-00C04F79EFBC}") = "Linq.Ch5.Grouping", "Linq.Ch5.Grouping\Linq.Ch5.Grouping.csproj", "{52BEEA01-6ED6-46FA-8294-3C81C12A3BF1}"
EndProject
Global
	GlobalSection(SolutionConfigurationPlatforms) = preSolution
		Debug|Any CPU = Debug|Any CPU
		Debug|x64 = Debug|x64
		Debug|x86 = Debug|x86
		Release|Any CPU = Release|Any CPU
		Release|x64 = Release|x64
		Release|x86 = Release|x86
	EndGlobalSection
	GlobalSection(ProjectConfigurationPlatforms) = postSolution
		{A53E7D48-3F5A-4C9E-851C-41D796C27753}.Debug|Any CPU.ActiveCfg = Debug|Any CPU
		{A53E7D48-3F5A-4C9E-851C-41D796C27753}.Debug|Any CPU.Build.0 = Debug|Any CPU
		{A53E7D48-3F5A-4C9E-851C-41D796C27753}.Debug|x64.ActiveCfg = Debug|Any CPU
		{A53E7D48-3F5A-4C9E-851C-41D796C27753}.Debug|x64.Build.0 = Debug|Any CPU
		{A53E7D48-3F5A-4C9E-851C-41D796C27753}.Debug|x86.ActiveCfg = Debug|Any CPU
		{A53E7D48-3F5A-4C9E-851C-41D796C27753}.Debug|x86.Build.0 = Debug|Any CPU
		{A53E7D48-3F5A-4C9E-851C-41D796C27753}.Release|Any CPU.ActiveCfg = Release|Any CPU
		{A53E7D48-3F5A-4C9E-851C-41D796C27753}.Release|Any CPU.Build.0 = Release|Any CPU
		{A53E7D48-3F5A-4C9E-851C-41D796C27753}.Release|x64.ActiveCfg = Release|Any CPU
		{A53E7D48-3F5A-4C9E-851C-41D796C27753}.Release|x64.Build.0 = Release|Any CPU
		{A53E7D48-3F5A-4C9E-851C-41D796C27753}.Release|x86.ActiveCfg = Release|Any CPU
		{A53E7D48-3F5A-4C9E-851C-41D796C27753}.Release|x86.Build.0 = Release|Any CPU
		{1F464354-253C-4102-A89C-2D3C490D5766}.Debug|Any CPU.ActiveCfg = Debug|Any CPU
		{1F464354-253C-4102-A89C-2D3C490D5766}.Debug|Any CPU.Build.0 = Debug|Any CPU
		{1F464354-253C-4102-A89C-2D3C490D5766}.Debug|x64.ActiveCfg = Debug|Any CPU
		{1F464354-253C-4102-A89C-2D3C490D5766}.Debug|x64.Build.0 = Debug|Any CPU
		{1F464354-253C-4102-A89C-2D3C490D5766}.Debug|x86.ActiveCfg = Debug|Any CPU
		{1F464354-253C-4102-A89C-2D3C490D5766}.Debug|x86.Build.0 = Debug|Any CPU
		{1F464354-253C-4102-A89C-2D3C490D5766}.Release|Any CPU.ActiveCfg = Release|Any CPU
		{1F464354-253C-4102-A89C-2D3C490D5766}.Release|Any CPU.Build.0 = Release|Any CPU
		{1F464354-253C-4102-A89C-2D3C490D5766}.Release|x64.ActiveCfg = Release|Any CPU
		{1F464354-253C-4102-A89C-2D3C490D5766}.Release|x64.Build.0 = Release|Any CPU
		{1F464354-253C-4102-A89C-2D3C490D5766}.Release|x86.ActiveCfg = Release|Any CPU
		{1F464354-253C-4102-A89C-2D3C490D5766}.Release|x86.Build.0 = Release|Any CPU
		{4F2679B3-7F97-4A50-9F1F-44FBD1E3F3BD}.Debug|Any CPU.ActiveCfg = Debug|Any CPU
		{4F2679B3-7F97-4A50-9F1F-44FBD1E3F3BD}.Debug|Any CPU.Build.0 = Debug|Any CPU
		{4F2679B3-7F97-4A50-9F1F-44FBD1E3F3BD}.Debug|x64.ActiveCfg = Debug|Any CPU
		{4F2679B3-7F97-4A50-9F1F-44FBD1E3F3BD}.Debug|x64.Build.0 = Debug|Any CPU
		{4F2679B3-7F97-4A50-9F1F-44FBD1E3F3BD}.Debug|x86.ActiveCfg = Debug|Any CPU
		{4F2679B3-7F97-4A50-9F1F-44FBD1E3F3BD}.Debug|x86.Build.0 = Debug|Any CPU
		{4F2679B3-7F97-4A50-9F1F-44FBD1E3F3BD}.Release|Any CPU.ActiveCfg = Release|Any CPU
		{4F2679B3-7F97-4A50-9F1F-44FBD1E3F3BD}.Release|Any CPU.Build.0 = Release|Any CPU
		{4F2679B3-7F97-4A50-9F1F-44FBD1E3F3BD}.Release|x64.ActiveCfg = Release|Any CPU
		{4F2679B3-7F97-4A50-9F1F-44FBD1E3F3BD}.Release|x64.Build.0 = Release|Any CPU
		{4F2679B3-7F97-4A50-9F1F-44FBD1E3F3BD}.Release|x86.ActiveCfg = Release|Any CPU
		{4F2679B3-7F97-4A50-9F1F-44FBD1E3F3BD}.Release|x86.Build.0 = Release|Any CPU
		{01BF4ADD-AD8B-4EF5-AD1D-3496660CD767}.Debug|Any CPU.ActiveCfg = Debug|Any CPU
		{01BF4ADD-AD8B-4EF5-AD1D-3496660CD767}.Debug|Any CPU.Build.0 = Debug|Any CPU
		{01BF4ADD-AD8B-4EF5-AD1D-3496660CD767}.Debug|x64.ActiveCfg = Debug|Any CPU
		{01BF4ADD-AD8B-4EF5-AD1D-3496660CD767}.Debug|x64.Build.0 = Debug|Any CPU
		{01BF4ADD-AD8B-4EF5-AD1D-3496660CD767}.Debug|x86.ActiveCfg = Debug|Any CPU
		{01BF4ADD-AD8B-4EF5-AD1D-3496660CD767}.Debug|x86.Build.0 = Debug|Any CPU
		{01BF4ADD-AD8B-4EF5-AD1D-3496660CD767}.Release|Any CPU.ActiveCfg = Release|Any CPU
		{01BF4ADD-AD8B-4EF5-AD1D-3496660CD767}.Release|Any CPU.Build.0 = Release|Any CPU
		{01BF4ADD-AD8B-4EF5-AD1D-3496660CD767}.Release|x64.ActiveCfg = Release|Any CPU
		{01BF4ADD-AD8B-4EF5-AD1D-3496660CD767}.Release|x64.Build.0 = Release|Any CPU
		{01BF4ADD-AD8B-4EF5-AD1D-3496660CD767}.Release|x86.ActiveCfg = Release|Any CPU
		{01BF4ADD-AD8B-4EF5-AD1D-3496660CD767}.Release|x86.Build.0 = Release|Any CPU
		{52BEEA01-6ED6-46FA-8294-3C81C12A3BF1}.Debug|Any CPU.ActiveCfg = Debug|Any CPU
		{52BEEA01-6ED6-46FA-8294-3C81C12A3BF1}.Debug|Any CPU.Build.0 = Debug|Any CPU
		{52BEEA01-6ED6-46FA-8294-3C81C12A3BF1}.Debug|x64.ActiveCfg = Debug|Any CPU
		{52BEEA01-6ED6-46FA-8294-3C81C12A3BF1}.Debug|x64.Build.0 = Debug|Any CPU
		{52BEEA01-6ED6-46FA-8294-3C81C12A3BF1}.Debug|x86.ActiveCfg = Debug|Any CPU
		{52BEEA01-6ED6-46FA-8294-3C81C12A3BF1}.Debug|x86.Build.0 = Debug|Any CPU
		{52BEEA01-6ED6-46FA-8294-3C81C12A3BF1}.Release|Any CPU.ActiveCfg = Release|Any CPU
		{52BEEA01-6ED6-46FA-8294-3C81C12A3BF1}.Release|Any CPU.Build.0 = Release|Any CPU
		{52BEEA01-6ED6-46FA-8294-3C81C12A3BF1}.Release|x64.ActiveCfg = Release|Any CPU
		{52BEEA01-6ED6-46FA-8294-3C81C12A3BF1}.Release|x64.Build.0 = Release|Any CPU
		{52BEEA01-6ED6-46FA-8294-3C81C12A3BF1}.Release|x86.ActiveCfg = Release|Any CPU
		{52BEEA01-6ED6-46FA-8294-3C81C12A3BF1}.Release|x86.Build.0 = Release|Any CPU
	EndGlobalSection
	GlobalSection(SolutionProperties) = preSolution
		HideSolutionNode = FALSE
	EndGlobalSection
	GlobalSection(ExtensibilityGlobals) = postSolution
		SolutionGuid = {275564EE-9AD0-4C0F-99E2-0C0A69578FFD}
	EndGlobalSection
EndGlobal
